
Microsoft Visual Studio Solution File, Format Version 12.00
# Visual Studio Version 17
VisualStudioVersion = 17.14.36616.10 d17.14
MinimumVisualStudioVersion = 10.0.40219.1
Project("{FAE04EC0-301F-11D3-BF4B-00C04F79EFBC}") = "TetrisGame", "TetrisGame\TetrisGame.csproj", "{816F1D7A-426A-4C31-A799-49A19CDA3662}"
EndProject
Global
	GlobalSection(SolutionConfigurationPlatforms) = preSolution
		Debug|Any CPU = Debug|Any CPU
		Release|Any CPU = Release|Any CPU
	EndGlobalSection
	GlobalSection(ProjectConfigurationPlatforms) = postSolution
		{816F1D7A-426A-4C31-A799-49A19CDA3662}.Debug|Any CPU.ActiveCfg = Debug|Any CPU
		{816F1D7A-426A-4C31-A799-49A19CDA3662}.Debug|Any CPU.Build.0 = Debug|Any CPU
		{816F1D7A-426A-4C31-A799-49A19CDA3662}.Release|Any CPU.ActiveCfg = Release|Any CPU
		{816F1D7A-426A-4C31-A799-49A19CDA3662}.Release|Any CPU.Build.0 = Release|Any CPU
	EndGlobalSection
	GlobalSection(SolutionProperties) = preSolution
		HideSolutionNode = FALSE
	EndGlobalSection
	GlobalSection(ExtensibilityGlobals) = postSolution
		SolutionGuid = {2EE1498F-E5AC-4E0E-9BC1-1C569EEBC536}
	EndGlobalSection
EndGlobal
