
Microsoft Visual Studio Solution File, Format Version 12.00
# Visual Studio Version 17
VisualStudioVersion = 17.14.36518.9 d17.14
MinimumVisualStudioVersion = 10.0.40219.1
Project("{FAE04EC0-301F-11D3-BF4B-00C04F79EFBC}") = "Basic_Notes", "Basic_Notes\Basic_Notes.csproj", "{5B160FF1-2C52-42AA-BA6F-CB7F5122B5F0}"
EndProject
Global
	GlobalSection(SolutionConfigurationPlatforms) = preSolution
		Debug|Any CPU = Debug|Any CPU
		Release|Any CPU = Release|Any CPU
	EndGlobalSection
	GlobalSection(ProjectConfigurationPlatforms) = postSolution
		{5B160FF1-2C52-42AA-BA6F-CB7F5122B5F0}.Debug|Any CPU.ActiveCfg = Debug|Any CPU
		{5B160FF1-2C52-42AA-BA6F-CB7F5122B5F0}.Debug|Any CPU.Build.0 = Debug|Any CPU
		{5B160FF1-2C52-42AA-BA6F-CB7F5122B5F0}.Release|Any CPU.ActiveCfg = Release|Any CPU
		{5B160FF1-2C52-42AA-BA6F-CB7F5122B5F0}.Release|Any CPU.Build.0 = Release|Any CPU
	EndGlobalSection
	GlobalSection(SolutionProperties) = preSolution
		HideSolutionNode = FALSE
	EndGlobalSection
	GlobalSection(ExtensibilityGlobals) = postSolution
		SolutionGuid = {891731F0-305D-472D-A422-F1653F7C04D2}
	EndGlobalSection
EndGlobal
